
Microsoft Visual Studio Solution File, Format Version 12.00
# Visual Studio Version 17
VisualStudioVersion = 17.9.34728.123
MinimumVisualStudioVersion = 10.0.40219.1
Project("{9A19103F-16F7-4668-BE54-9A1E7A4F7556}") = "WPFApp", "WPFApp\WPFApp.csproj", "{B6EC945D-A5AA-417F-9AF3-DB1760460440}"
EndProject
Project("{9A19103F-16F7-4668-BE54-9A1E7A4F7556}") = "BusinessObjects", "BusinessObjects\BusinessObjects.csproj", "{D77D1893-A0EC-4EF5-A786-EEAD6B8C8484}"
EndProject
Project("{FAE04EC0-301F-11D3-BF4B-00C04F79EFBC}") = "DataAccessLayer", "DataAccessLayer\DataAccessLayer.csproj", "{92292D21-35B7-49A2-8EEB-4FA39746E46E}"
EndProject
Global
	GlobalSection(SolutionConfigurationPlatforms) = preSolution
		Debug|Any CPU = Debug|Any CPU
		Release|Any CPU = Release|Any CPU
	EndGlobalSection
	GlobalSection(ProjectConfigurationPlatforms) = postSolution
		{B6EC945D-A5AA-417F-9AF3-DB1760460440}.Debug|Any CPU.ActiveCfg = Debug|Any CPU
		{B6EC945D-A5AA-417F-9AF3-DB1760460440}.Debug|Any CPU.Build.0 = Debug|Any CPU
		{B6EC945D-A5AA-417F-9AF3-DB1760460440}.Release|Any CPU.ActiveCfg = Release|Any CPU
		{B6EC945D-A5AA-417F-9AF3-DB1760460440}.Release|Any CPU.Build.0 = Release|Any CPU
		{D77D1893-A0EC-4EF5-A786-EEAD6B8C8484}.Debug|Any CPU.ActiveCfg = Debug|Any CPU
		{D77D1893-A0EC-4EF5-A786-EEAD6B8C8484}.Debug|Any CPU.Build.0 = Debug|Any CPU
		{D77D1893-A0EC-4EF5-A786-EEAD6B8C8484}.Release|Any CPU.ActiveCfg = Release|Any CPU
		{D77D1893-A0EC-4EF5-A786-EEAD6B8C8484}.Release|Any CPU.Build.0 = Release|Any CPU
		{92292D21-35B7-49A2-8EEB-4FA39746E46E}.Debug|Any CPU.ActiveCfg = Debug|Any CPU
		{92292D21-35B7-49A2-8EEB-4FA39746E46E}.Debug|Any CPU.Build.0 = Debug|Any CPU
		{92292D21-35B7-49A2-8EEB-4FA39746E46E}.Release|Any CPU.ActiveCfg = Release|Any CPU
		{92292D21-35B7-49A2-8EEB-4FA39746E46E}.Release|Any CPU.Build.0 = Release|Any CPU
	EndGlobalSection
	GlobalSection(SolutionProperties) = preSolution
		HideSolutionNode = FALSE
	EndGlobalSection
	GlobalSection(ExtensibilityGlobals) = postSolution
		SolutionGuid = {B6CD5234-9C49-4A81-A7D8-EB5AF3529417}
	EndGlobalSection
EndGlobal
